PODS:
  - Flutter (1.0.0)
  - flutter_naver_login (0.0.1):
    - Flutter
    - naveridlogin-sdk-ios (~> 4.1.0)
  - flutter_secure_storage (6.0.0):
    - Flutter
  - geolocator_apple (1.2.0):
    - Flutter
  - image_picker_ios (0.0.1):
    - Flutter
  - naveridlogin-sdk-ios (4.1.6)
  - path_provider_foundation (0.0.1):
    - Flutter
    - FlutterMacOS
  - shared_preferences_foundation (0.0.1):
    - Flutter
    - FlutterMacOS

DEPENDENCIES:
  - Flutter (from `Flutter`)
  - flutter_naver_login (from `.symlinks/plugins/flutter_naver_login/ios`)
  - flutter_secure_storage (from `.symlinks/plugins/flutter_secure_storage/ios`)
  - geolocator_apple (from `.symlinks/plugins/geolocator_apple/ios`)
  - image_picker_ios (from `.symlinks/plugins/image_picker_ios/ios`)
  - path_provider_foundation (from `.symlinks/plugins/path_provider_foundation/darwin`)
  - shared_preferences_foundation (from `.symlinks/plugins/shared_preferences_foundation/darwin`)

SPEC REPOS:
  trunk:
    - naveridlogin-sdk-ios

EXTERNAL SOURCES:
  Flutter:
    :path: Flutter
  flutter_naver_login:
    :path: ".symlinks/plugins/flutter_naver_login/ios"
  flutter_secure_storage:
    :path: ".symlinks/plugins/flutter_secure_storage/ios"
  geolocator_apple:
    :path: ".symlinks/plugins/geolocator_apple/ios"
  image_picker_ios:
    :path: ".symlinks/plugins/image_picker_ios/ios"
  path_provider_foundation:
    :path: ".symlinks/plugins/path_provider_foundation/darwin"
  shared_preferences_foundation:
    :path: ".symlinks/plugins/shared_preferences_foundation/darwin"

SPEC CHECKSUMS:
  Flutter: e0871f40cf51350855a761d2e70bf5af5b9b5de7
  flutter_naver_login: 1dbf6d21aae5235cdf76a28ac79cf6871899282f
  flutter_secure_storage: d33dac7ae2ea08509be337e775f6b59f1ff45f12
  geolocator_apple: 6cbaf322953988e009e5ecb481f07efece75c450
  image_picker_ios: c560581cceedb403a6ff17f2f816d7fea1421fc1
  naveridlogin-sdk-ios: cdd34e3585a3d5aaf37c1d84c1f41faba4a25d1a
  path_provider_foundation: 2b6b4c569c0fb62ec74538f866245ac84301af46
  shared_preferences_foundation: fcdcbc04712aee1108ac7fda236f363274528f78

PODFILE CHECKSUM: 819463e6a0290f5a72f145ba7cde16e8b6ef0796

COCOAPODS: 1.15.2
